
Microsoft Visual Studio Solution File, Format Version 12.00
# Visual Studio Version 16
VisualStudioVersion = 16.0.31005.135
MinimumVisualStudioVersion = 10.0.40219.1
Project("{FAE04EC0-301F-11D3-BF4B-00C04F79EFBC}") = "ClassMetodDemo", "ClassMetodDemo\ClassMetodDemo.csproj", "{DDA500E9-7A02-4033-9CBA-0BE3ADCE6535}"
EndProject
Global
	GlobalSection(SolutionConfigurationPlatforms) = preSolution
		Debug|Any CPU = Debug|Any CPU
		Release|Any CPU = Release|Any CPU
	EndGlobalSection
	GlobalSection(ProjectConfigurationPlatforms) = postSolution
		{DDA500E9-7A02-4033-9CBA-0BE3ADCE6535}.Debug|Any CPU.ActiveCfg = Debug|Any CPU
		{DDA500E9-7A02-4033-9CBA-0BE3ADCE6535}.Debug|Any CPU.Build.0 = Debug|Any CPU
		{DDA500E9-7A02-4033-9CBA-0BE3ADCE6535}.Release|Any CPU.ActiveCfg = Release|Any CPU
		{DDA500E9-7A02-4033-9CBA-0BE3ADCE6535}.Release|Any CPU.Build.0 = Release|Any CPU
	EndGlobalSection
	GlobalSection(SolutionProperties) = preSolution
		HideSolutionNode = FALSE
	EndGlobalSection
	GlobalSection(ExtensibilityGlobals) = postSolution
		SolutionGuid = {3A16B1F6-7DCF-43F0-AB6B-C5D278E508EF}
	EndGlobalSection
EndGlobal
